
Microsoft Visual Studio Solution File, Format Version 12.00
# Visual Studio 15
VisualStudioVersion = 15.0.27130.0
MinimumVisualStudioVersion = 10.0.40219.1
Project("{FAE04EC0-301F-11D3-BF4B-00C04F79EFBC}") = "NTRCheck", "NTRCheck\NTRCheck.csproj", "{CC0D7994-17E0-4A25-9635-409F36D3164E}"
EndProject
Project("{FAE04EC0-301F-11D3-BF4B-00C04F79EFBC}") = "NORMLib", "..\NORMLib\NORMLib\NORMLib.csproj", "{7F0B3EB2-8E53-49E8-9231-E3115ACE6E05}"
EndProject
Project("{FAE04EC0-301F-11D3-BF4B-00C04F79EFBC}") = "NORMLib.SqlCE", "..\NORMLib\NORMLib.SqlCE\NORMLib.SqlCE.csproj", "{3AD31B3C-B15A-498B-924C-0880085BC072}"
EndProject
Project("{FAE04EC0-301F-11D3-BF4B-00C04F79EFBC}") = "NORMLib.MySql", "..\NORMLib\NORMLib.MySql\NORMLib.MySql.csproj", "{F1336688-CE9C-46FB-B3F4-4F1DB2603E22}"
EndProject
Project("{FAE04EC0-301F-11D3-BF4B-00C04F79EFBC}") = "NORMLib.VersionControl", "..\NORMLib\NORMLib.VersionControl\NORMLib.VersionControl.csproj", "{2B6670BE-C745-46FF-88CB-9D05CF0C7C6B}"
EndProject
Project("{2150E333-8FDC-42A3-9474-1A3956D46DE8}") = "NORM", "NORM", "{6B07A844-044B-453D-A787-5D2ADF6ED7FA}"
EndProject
Project("{FAE04EC0-301F-11D3-BF4B-00C04F79EFBC}") = "ViewModelLib", "..\ViewModelLib\ViewModelLib\ViewModelLib.csproj", "{A2E698ED-07B6-4D19-B135-B754A1EE6FCE}"
EndProject
Project("{FAE04EC0-301F-11D3-BF4B-00C04F79EFBC}") = "LogLib", "..\LogLib\LogLib\LogLib.csproj", "{EF4B0001-2859-4A09-8F95-3E5BEF4A5272}"
EndProject
Project("{2150E333-8FDC-42A3-9474-1A3956D46DE8}") = "MVVM", "MVVM", "{485E66A9-5016-4255-B46D-33F433419733}"
EndProject
Project("{FAE04EC0-301F-11D3-BF4B-00C04F79EFBC}") = "ViewLib", "..\ViewLib\ViewLib\ViewLib.csproj", "{BE2D656E-7805-4288-ADC7-479B75CA112D}"
EndProject
Project("{FAE04EC0-301F-11D3-BF4B-00C04F79EFBC}") = "Aga.Controls", "..\TreeListView-master\Aga.Controls\Aga.Controls.csproj", "{D17CD489-1B14-47EB-8C22-C189D078AEC9}"
EndProject
Global
	GlobalSection(SolutionConfigurationPlatforms) = preSolution
		Debug|Any CPU = Debug|Any CPU
		Release|Any CPU = Release|Any CPU
	EndGlobalSection
	GlobalSection(ProjectConfigurationPlatforms) = postSolution
		{CC0D7994-17E0-4A25-9635-409F36D3164E}.Debug|Any CPU.ActiveCfg = Debug|Any CPU
		{CC0D7994-17E0-4A25-9635-409F36D3164E}.Debug|Any CPU.Build.0 = Debug|Any CPU
		{CC0D7994-17E0-4A25-9635-409F36D3164E}.Release|Any CPU.ActiveCfg = Release|Any CPU
		{CC0D7994-17E0-4A25-9635-409F36D3164E}.Release|Any CPU.Build.0 = Release|Any CPU
		{7F0B3EB2-8E53-49E8-9231-E3115ACE6E05}.Debug|Any CPU.ActiveCfg = Debug|Any CPU
		{7F0B3EB2-8E53-49E8-9231-E3115ACE6E05}.Debug|Any CPU.Build.0 = Debug|Any CPU
		{7F0B3EB2-8E53-49E8-9231-E3115ACE6E05}.Release|Any CPU.ActiveCfg = Release|Any CPU
		{7F0B3EB2-8E53-49E8-9231-E3115ACE6E05}.Release|Any CPU.Build.0 = Release|Any CPU
		{3AD31B3C-B15A-498B-924C-0880085BC072}.Debug|Any CPU.ActiveCfg = Debug|Any CPU
		{3AD31B3C-B15A-498B-924C-0880085BC072}.Debug|Any CPU.Build.0 = Debug|Any CPU
		{3AD31B3C-B15A-498B-924C-0880085BC072}.Release|Any CPU.ActiveCfg = Release|Any CPU
		{3AD31B3C-B15A-498B-924C-0880085BC072}.Release|Any CPU.Build.0 = Release|Any CPU
		{F1336688-CE9C-46FB-B3F4-4F1DB2603E22}.Debug|Any CPU.ActiveCfg = Debug|Any CPU
		{F1336688-CE9C-46FB-B3F4-4F1DB2603E22}.Debug|Any CPU.Build.0 = Debug|Any CPU
		{F1336688-CE9C-46FB-B3F4-4F1DB2603E22}.Release|Any CPU.ActiveCfg = Release|Any CPU
		{F1336688-CE9C-46FB-B3F4-4F1DB2603E22}.Release|Any CPU.Build.0 = Release|Any CPU
		{2B6670BE-C745-46FF-88CB-9D05CF0C7C6B}.Debug|Any CPU.ActiveCfg = Debug|Any CPU
		{2B6670BE-C745-46FF-88CB-9D05CF0C7C6B}.Debug|Any CPU.Build.0 = Debug|Any CPU
		{2B6670BE-C745-46FF-88CB-9D05CF0C7C6B}.Release|Any CPU.ActiveCfg = Release|Any CPU
		{2B6670BE-C745-46FF-88CB-9D05CF0C7C6B}.Release|Any CPU.Build.0 = Release|Any CPU
		{A2E698ED-07B6-4D19-B135-B754A1EE6FCE}.Debug|Any CPU.ActiveCfg = Debug|Any CPU
		{A2E698ED-07B6-4D19-B135-B754A1EE6FCE}.Debug|Any CPU.Build.0 = Debug|Any CPU
		{A2E698ED-07B6-4D19-B135-B754A1EE6FCE}.Release|Any CPU.ActiveCfg = Release|Any CPU
		{A2E698ED-07B6-4D19-B135-B754A1EE6FCE}.Release|Any CPU.Build.0 = Release|Any CPU
		{EF4B0001-2859-4A09-8F95-3E5BEF4A5272}.Debug|Any CPU.ActiveCfg = Debug|Any CPU
		{EF4B0001-2859-4A09-8F95-3E5BEF4A5272}.Debug|Any CPU.Build.0 = Debug|Any CPU
		{EF4B0001-2859-4A09-8F95-3E5BEF4A5272}.Release|Any CPU.ActiveCfg = Release|Any CPU
		{EF4B0001-2859-4A09-8F95-3E5BEF4A5272}.Release|Any CPU.Build.0 = Release|Any CPU
		{BE2D656E-7805-4288-ADC7-479B75CA112D}.Debug|Any CPU.ActiveCfg = Debug|Any CPU
		{BE2D656E-7805-4288-ADC7-479B75CA112D}.Debug|Any CPU.Build.0 = Debug|Any CPU
		{BE2D656E-7805-4288-ADC7-479B75CA112D}.Release|Any CPU.ActiveCfg = Release|Any CPU
		{BE2D656E-7805-4288-ADC7-479B75CA112D}.Release|Any CPU.Build.0 = Release|Any CPU
		{D17CD489-1B14-47EB-8C22-C189D078AEC9}.Debug|Any CPU.ActiveCfg = Debug|Any CPU
		{D17CD489-1B14-47EB-8C22-C189D078AEC9}.Debug|Any CPU.Build.0 = Debug|Any CPU
		{D17CD489-1B14-47EB-8C22-C189D078AEC9}.Release|Any CPU.ActiveCfg = Release|Any CPU
		{D17CD489-1B14-47EB-8C22-C189D078AEC9}.Release|Any CPU.Build.0 = Release|Any CPU
	EndGlobalSection
	GlobalSection(SolutionProperties) = preSolution
		HideSolutionNode = FALSE
	EndGlobalSection
	GlobalSection(NestedProjects) = preSolution
		{7F0B3EB2-8E53-49E8-9231-E3115ACE6E05} = {6B07A844-044B-453D-A787-5D2ADF6ED7FA}
		{3AD31B3C-B15A-498B-924C-0880085BC072} = {6B07A844-044B-453D-A787-5D2ADF6ED7FA}
		{F1336688-CE9C-46FB-B3F4-4F1DB2603E22} = {6B07A844-044B-453D-A787-5D2ADF6ED7FA}
		{2B6670BE-C745-46FF-88CB-9D05CF0C7C6B} = {6B07A844-044B-453D-A787-5D2ADF6ED7FA}
		{A2E698ED-07B6-4D19-B135-B754A1EE6FCE} = {485E66A9-5016-4255-B46D-33F433419733}
		{EF4B0001-2859-4A09-8F95-3E5BEF4A5272} = {485E66A9-5016-4255-B46D-33F433419733}
		{BE2D656E-7805-4288-ADC7-479B75CA112D} = {485E66A9-5016-4255-B46D-33F433419733}
	EndGlobalSection
	GlobalSection(ExtensibilityGlobals) = postSolution
		SolutionGuid = {E54BE27F-E29A-4A08-9C5A-E44D2A2C36C9}
	EndGlobalSection
EndGlobal
